// !$*UTF8*$!
{
	archiveVersion = 1;
	classes = {
	};
	objectVersion = 46;
	objects = {

/* Begin PBXBuildFile section */
		4913BE8A1D6CBEDD003E2E20 /* School+CoreDataProperties.swift in Sources */ = {isa = PBXBuildFile; fileRef = 4913BE881D6CBEDD003E2E20 /* School+CoreDataProperties.swift */; };
		4913BE8B1D6CBEDD003E2E20 /* School.swift in Sources */ = {isa = PBXBuildFile; fileRef = 4913BE891D6CBEDD003E2E20 /* School.swift */; };
		493C2D6C1D6FB68000A1AC15 /* Mooter+CoreDataProperties.swift in Sources */ = {isa = PBXBuildFile; fileRef = 493C2D6A1D6FB68000A1AC15 /* Mooter+CoreDataProperties.swift */; };
		493C2D6D1D6FB68000A1AC15 /* Mooter.swift in Sources */ = {isa = PBXBuildFile; fileRef = 493C2D6B1D6FB68000A1AC15 /* Mooter.swift */; };
		498EF4F51D6DD7AB008EB314 /* WelcomeViewController.swift in Sources */ = {isa = PBXBuildFile; fileRef = 498EF4F41D6DD7AB008EB314 /* WelcomeViewController.swift */; };
		499DDE941D6B26FA00946B2E /* JudgeCell.swift in Sources */ = {isa = PBXBuildFile; fileRef = 499DDE931D6B26FA00946B2E /* JudgeCell.swift */; };
		499DDE9A1D6B322600946B2E /* JudgeViewController.swift in Sources */ = {isa = PBXBuildFile; fileRef = 499DDE991D6B322600946B2E /* JudgeViewController.swift */; };
		499DDE9D1D6B33D000946B2E /* Judge+CoreDataProperties.swift in Sources */ = {isa = PBXBuildFile; fileRef = 499DDE9B1D6B33D000946B2E /* Judge+CoreDataProperties.swift */; };
		499DDE9E1D6B33D000946B2E /* Judge.swift in Sources */ = {isa = PBXBuildFile; fileRef = 499DDE9C1D6B33D000946B2E /* Judge.swift */; };
		499DDEA41D6B6FCA00946B2E /* MooterCell.swift in Sources */ = {isa = PBXBuildFile; fileRef = 499DDEA31D6B6FCA00946B2E /* MooterCell.swift */; };
		499DDEA61D6B718A00946B2E /* MooterViewController.swift in Sources */ = {isa = PBXBuildFile; fileRef = 499DDEA51D6B718A00946B2E /* MooterViewController.swift */; };
		49A361FE1D6C9E860035619B /* Main.storyboard in Resources */ = {isa = PBXBuildFile; fileRef = 49A361FD1D6C9E860035619B /* Main.storyboard */; };
		49CDEBF81D6D21E900BD55AF /* AnalysisViewController.swift in Sources */ = {isa = PBXBuildFile; fileRef = 49CDEBF71D6D21E900BD55AF /* AnalysisViewController.swift */; };
		49F37B8D1D69ECDF00B044B7 /* AppDelegate.swift in Sources */ = {isa = PBXBuildFile; fileRef = 49F37B8C1D69ECDF00B044B7 /* AppDelegate.swift */; };
		49F37B8F1D69ECDF00B044B7 /* MootersViewController.swift in Sources */ = {isa = PBXBuildFile; fileRef = 49F37B8E1D69ECDF00B044B7 /* MootersViewController.swift */; };
		49F37B911D69ECDF00B044B7 /* JudgesViewController.swift in Sources */ = {isa = PBXBuildFile; fileRef = 49F37B901D69ECDF00B044B7 /* JudgesViewController.swift */; };
		49F37B961D69ECDF00B044B7 /* Assets.xcassets in Resources */ = {isa = PBXBuildFile; fileRef = 49F37B951D69ECDF00B044B7 /* Assets.xcassets */; };
		49F37B991D69ECDF00B044B7 /* LaunchScreen.storyboard in Resources */ = {isa = PBXBuildFile; fileRef = 49F37B971D69ECDF00B044B7 /* LaunchScreen.storyboard */; };
		49F37BA11D6A0AB500B044B7 /* SchoolsViewController.swift in Sources */ = {isa = PBXBuildFile; fileRef = 49F37BA01D6A0AB400B044B7 /* SchoolsViewController.swift */; };
		49F37BA31D6A0F6F00B044B7 /* CoreData.framework in Frameworks */ = {isa = PBXBuildFile; fileRef = 49F37BA21D6A0F6F00B044B7 /* CoreData.framework */; };
		49F37BA51D6A111A00B044B7 /* SchoolCell.swift in Sources */ = {isa = PBXBuildFile; fileRef = 49F37BA41D6A111A00B044B7 /* SchoolCell.swift */; };
		49F37BA81D6A12C000B044B7 /* Moot.xcdatamodeld in Sources */ = {isa = PBXBuildFile; fileRef = 49F37BA61D6A12C000B044B7 /* Moot.xcdatamodeld */; };
		49F37BB61D6A1E6600B044B7 /* SchoolViewController.swift in Sources */ = {isa = PBXBuildFile; fileRef = 49F37BB51D6A1E6600B044B7 /* SchoolViewController.swift */; };
/* End PBXBuildFile section */

/* Begin PBXFileReference section */
		4913BE881D6CBEDD003E2E20 /* School+CoreDataProperties.swift */ = {isa = PBXFileReference; fileEncoding = 4; lastKnownFileType = sourcecode.swift; path = "School+CoreDataProperties.swift"; sourceTree = "<group>"; };
		4913BE891D6CBEDD003E2E20 /* School.swift */ = {isa = PBXFileReference; fileEncoding = 4; lastKnownFileType = sourcecode.swift; path = School.swift; sourceTree = "<group>"; };
		493C2D6A1D6FB68000A1AC15 /* Mooter+CoreDataProperties.swift */ = {isa = PBXFileReference; fileEncoding = 4; lastKnownFileType = sourcecode.swift; path = "Mooter+CoreDataProperties.swift"; sourceTree = "<group>"; };
		493C2D6B1D6FB68000A1AC15 /* Mooter.swift */ = {isa = PBXFileReference; fileEncoding = 4; lastKnownFileType = sourcecode.swift; path = Mooter.swift; sourceTree = "<group>"; };
		498EF4F41D6DD7AB008EB314 /* WelcomeViewController.swift */ = {isa = PBXFileReference; fileEncoding = 4; lastKnownFileType = sourcecode.swift; path = WelcomeViewController.swift; sourceTree = "<group>"; };
		499DDE931D6B26FA00946B2E /* JudgeCell.swift */ = {isa = PBXFileReference; fileEncoding = 4; lastKnownFileType = sourcecode.swift; path = JudgeCell.swift; sourceTree = "<group>"; };
		499DDE991D6B322600946B2E /* JudgeViewController.swift */ = {isa = PBXFileReference; fileEncoding = 4; lastKnownFileType = sourcecode.swift; path = JudgeViewController.swift; sourceTree = "<group>"; };
		499DDE9B1D6B33D000946B2E /* Judge+CoreDataProperties.swift */ = {isa = PBXFileReference; fileEncoding = 4; lastKnownFileType = sourcecode.swift; path = "Judge+CoreDataProperties.swift"; sourceTree = "<group>"; };
		499DDE9C1D6B33D000946B2E /* Judge.swift */ = {isa = PBXFileReference; fileEncoding = 4; lastKnownFileType = sourcecode.swift; path = Judge.swift; sourceTree = "<group>"; };
		499DDEA31D6B6FCA00946B2E /* MooterCell.swift */ = {isa = PBXFileReference; fileEncoding = 4; lastKnownFileType = sourcecode.swift; path = MooterCell.swift; sourceTree = "<group>"; };
		499DDEA51D6B718A00946B2E /* MooterViewController.swift */ = {isa = PBXFileReference; fileEncoding = 4; lastKnownFileType = sourcecode.swift; path = MooterViewController.swift; sourceTree = "<group>"; };
		49A361FD1D6C9E860035619B /* Main.storyboard */ = {isa = PBXFileReference; fileEncoding = 4; lastKnownFileType = file.storyboard; name = Main.storyboard; path = ../../../../.Trash/Main.storyboard; sourceTree = "<group>"; };
		49CDEBF71D6D21E900BD55AF /* AnalysisViewController.swift */ = {isa = PBXFileReference; fileEncoding = 4; lastKnownFileType = sourcecode.swift; path = AnalysisViewController.swift; sourceTree = "<group>"; };
		49F37B891D69ECDF00B044B7 /* Moot.app */ = {isa = PBXFileReference; explicitFileType = wrapper.application; includeInIndex = 0; path = Moot.app; sourceTree = BUILT_PRODUCTS_DIR; };
		49F37B8C1D69ECDF00B044B7 /* AppDelegate.swift */ = {isa = PBXFileReference; lastKnownFileType = sourcecode.swift; path = AppDelegate.swift; sourceTree = "<group>"; };
		49F37B8E1D69ECDF00B044B7 /* MootersViewController.swift */ = {isa = PBXFileReference; lastKnownFileType = sourcecode.swift; path = MootersViewController.swift; sourceTree = "<group>"; };
		49F37B901D69ECDF00B044B7 /* JudgesViewController.swift */ = {isa = PBXFileReference; lastKnownFileType = sourcecode.swift; path = JudgesViewController.swift; sourceTree = "<group>"; };
		49F37B951D69ECDF00B044B7 /* Assets.xcassets */ = {isa = PBXFileReference; lastKnownFileType = folder.assetcatalog; path = Assets.xcassets; sourceTree = "<group>"; };
		49F37B981D69ECDF00B044B7 /* Base */ = {isa = PBXFileReference; lastKnownFileType = file.storyboard; name = Base; path = Base.lproj/LaunchScreen.storyboard; sourceTree = "<group>"; };
		49F37B9A1D69ECDF00B044B7 /* Info.plist */ = {isa = PBXFileReference; lastKnownFileType = text.plist.xml; name = Info.plist; path = Moot/Info.plist; sourceTree = "<group>"; };
		49F37BA01D6A0AB400B044B7 /* SchoolsViewController.swift */ = {isa = PBXFileReference; fileEncoding = 4; lastKnownFileType = sourcecode.swift; path = SchoolsViewController.swift; sourceTree = "<group>"; };
		49F37BA21D6A0F6F00B044B7 /* CoreData.framework */ = {isa = PBXFileReference; lastKnownFileType = wrapper.framework; name = CoreData.framework; path = System/Library/Frameworks/CoreData.framework; sourceTree = SDKROOT; };
		49F37BA41D6A111A00B044B7 /* SchoolCell.swift */ = {isa = PBXFileReference; fileEncoding = 4; lastKnownFileType = sourcecode.swift; name = SchoolCell.swift; path = Moot/SchoolCell.swift; sourceTree = "<group>"; };
		49F37BA71D6A12C000B044B7 /* Moot.xcdatamodel */ = {isa = PBXFileReference; lastKnownFileType = wrapper.xcdatamodel; path = Moot.xcdatamodel; sourceTree = "<group>"; };
		49F37BB51D6A1E6600B044B7 /* SchoolViewController.swift */ = {isa = PBXFileReference; fileEncoding = 4; lastKnownFileType = sourcecode.swift; path = SchoolViewController.swift; sourceTree = "<group>"; };
/* End PBXFileReference section */

/* Begin PBXFrameworksBuildPhase section */
		49F37B861D69ECDF00B044B7 /* Frameworks */ = {
			isa = PBXFrameworksBuildPhase;
			buildActionMask = 2147483647;
			files = (
				49F37BA31D6A0F6F00B044B7 /* CoreData.framework in Frameworks */,
			);
			runOnlyForDeploymentPostprocessing = 0;
		};
/* End PBXFrameworksBuildPhase section */

/* Begin PBXGroup section */
		49F37B801D69ECDF00B044B7 = {
			isa = PBXGroup;
			children = (
				493C2D6A1D6FB68000A1AC15 /* Mooter+CoreDataProperties.swift */,
				493C2D6B1D6FB68000A1AC15 /* Mooter.swift */,
				4913BE881D6CBEDD003E2E20 /* School+CoreDataProperties.swift */,
				4913BE891D6CBEDD003E2E20 /* School.swift */,
				499DDEA31D6B6FCA00946B2E /* MooterCell.swift */,
				499DDE9B1D6B33D000946B2E /* Judge+CoreDataProperties.swift */,
				499DDE9C1D6B33D000946B2E /* Judge.swift */,
				499DDE931D6B26FA00946B2E /* JudgeCell.swift */,
				49F37BA41D6A111A00B044B7 /* SchoolCell.swift */,
				49F37BA21D6A0F6F00B044B7 /* CoreData.framework */,
				49F37B8B1D69ECDF00B044B7 /* Moot */,
				49F37B9A1D69ECDF00B044B7 /* Info.plist */,
				49F37B8A1D69ECDF00B044B7 /* Products */,
			);
			sourceTree = "<group>";
		};
		49F37B8A1D69ECDF00B044B7 /* Products */ = {
			isa = PBXGroup;
			children = (
				49F37B891D69ECDF00B044B7 /* Moot.app */,
			);
			name = Products;
			sourceTree = "<group>";
		};
		49F37B8B1D69ECDF00B044B7 /* Moot */ = {
			isa = PBXGroup;
			children = (
				49F37B8C1D69ECDF00B044B7 /* AppDelegate.swift */,
				498EF4F41D6DD7AB008EB314 /* WelcomeViewController.swift */,
				49F37B8E1D69ECDF00B044B7 /* MootersViewController.swift */,
				499DDEA51D6B718A00946B2E /* MooterViewController.swift */,
				49F37B901D69ECDF00B044B7 /* JudgesViewController.swift */,
				499DDE991D6B322600946B2E /* JudgeViewController.swift */,
				49F37BA01D6A0AB400B044B7 /* SchoolsViewController.swift */,
				49F37BB51D6A1E6600B044B7 /* SchoolViewController.swift */,
				49CDEBF71D6D21E900BD55AF /* AnalysisViewController.swift */,
				49F37B951D69ECDF00B044B7 /* Assets.xcassets */,
				49A361FD1D6C9E860035619B /* Main.storyboard */,
				49F37B971D69ECDF00B044B7 /* LaunchScreen.storyboard */,
				49F37BA61D6A12C000B044B7 /* Moot.xcdatamodeld */,
			);
			path = Moot;
			sourceTree = "<group>";
		};
/* End PBXGroup section */

/* Begin PBXNativeTarget section */
		49F37B881D69ECDF00B044B7 /* Moot */ = {
			isa = PBXNativeTarget;
			buildConfigurationList = 49F37B9D1D69ECDF00B044B7 /* Build configuration list for PBXNativeTarget "Moot" */;
			buildPhases = (
				49F37B851D69ECDF00B044B7 /* Sources */,
				49F37B861D69ECDF00B044B7 /* Frameworks */,
				49F37B871D69ECDF00B044B7 /* Resources */,
			);
			buildRules = (
			);
			dependencies = (
			);
			name = Moot;
			productName = Moot;
			productReference = 49F37B891D69ECDF00B044B7 /* Moot.app */;
			productType = "com.apple.product-type.application";
		};
/* End PBXNativeTarget section */

/* Begin PBXProject section */
		49F37B811D69ECDF00B044B7 /* Project object */ = {
			isa = PBXProject;
			attributes = {
				LastSwiftUpdateCheck = 0730;
				LastUpgradeCheck = 0730;
				ORGANIZATIONNAME = "Colin Moseley";
				TargetAttributes = {
					49F37B881D69ECDF00B044B7 = {
						CreatedOnToolsVersion = 7.3.1;
					};
				};
			};
			buildConfigurationList = 49F37B841D69ECDF00B044B7 /* Build configuration list for PBXProject "Moot" */;
			compatibilityVersion = "Xcode 3.2";
			developmentRegion = English;
			hasScannedForEncodings = 0;
			knownRegions = (
				en,
				Base,
			);
			mainGroup = 49F37B801D69ECDF00B044B7;
			productRefGroup = 49F37B8A1D69ECDF00B044B7 /* Products */;
			projectDirPath = "";
			projectRoot = "";
			targets = (
				49F37B881D69ECDF00B044B7 /* Moot */,
			);
		};
/* End PBXProject section */

/* Begin PBXResourcesBuildPhase section */
		49F37B871D69ECDF00B044B7 /* Resources */ = {
			isa = PBXResourcesBuildPhase;
			buildActionMask = 2147483647;
			files = (
				49A361FE1D6C9E860035619B /* Main.storyboard in Resources */,
				49F37B991D69ECDF00B044B7 /* LaunchScreen.storyboard in Resources */,
				49F37B961D69ECDF00B044B7 /* Assets.xcassets in Resources */,
			);
			runOnlyForDeploymentPostprocessing = 0;
		};
/* End PBXResourcesBuildPhase section */

/* Begin PBXSourcesBuildPhase section */
		49F37B851D69ECDF00B044B7 /* Sources */ = {
			isa = PBXSourcesBuildPhase;
			buildActionMask = 2147483647;
			files = (
				4913BE8B1D6CBEDD003E2E20 /* School.swift in Sources */,
				499DDEA41D6B6FCA00946B2E /* MooterCell.swift in Sources */,
				49F37BA11D6A0AB500B044B7 /* SchoolsViewController.swift in Sources */,
				493C2D6C1D6FB68000A1AC15 /* Mooter+CoreDataProperties.swift in Sources */,
				49F37BA51D6A111A00B044B7 /* SchoolCell.swift in Sources */,
				499DDE9E1D6B33D000946B2E /* Judge.swift in Sources */,
				493C2D6D1D6FB68000A1AC15 /* Mooter.swift in Sources */,
				499DDE9A1D6B322600946B2E /* JudgeViewController.swift in Sources */,
				49F37B911D69ECDF00B044B7 /* JudgesViewController.swift in Sources */,
				49F37B8D1D69ECDF00B044B7 /* AppDelegate.swift in Sources */,
				49F37BA81D6A12C000B044B7 /* Moot.xcdatamodeld in Sources */,
				499DDE941D6B26FA00946B2E /* JudgeCell.swift in Sources */,
				499DDEA61D6B718A00946B2E /* MooterViewController.swift in Sources */,
				49F37B8F1D69ECDF00B044B7 /* MootersViewController.swift in Sources */,
				49CDEBF81D6D21E900BD55AF /* AnalysisViewController.swift in Sources */,
				4913BE8A1D6CBEDD003E2E20 /* School+CoreDataProperties.swift in Sources */,
				49F37BB61D6A1E6600B044B7 /* SchoolViewController.swift in Sources */,
				499DDE9D1D6B33D000946B2E /* Judge+CoreDataProperties.swift in Sources */,
				498EF4F51D6DD7AB008EB314 /* WelcomeViewController.swift in Sources */,
			);
			runOnlyForDeploymentPostprocessing = 0;
		};
/* End PBXSourcesBuildPhase section */

/* Begin PBXVariantGroup section */
		49F37B971D69ECDF00B044B7 /* LaunchScreen.storyboard */ = {
			isa = PBXVariantGroup;
			children = (
				49F37B981D69ECDF00B044B7 /* Base */,
			);
			name = LaunchScreen.storyboard;
			sourceTree = "<group>";
		};
/* End PBXVariantGroup section */

/* Begin XCBuildConfiguration section */
		49F37B9B1D69ECDF00B044B7 /* Debug */ = {
			isa = XCBuildConfiguration;
			buildSettings = {
				ALWAYS_SEARCH_USER_PATHS = NO;
				CLANG_ANALYZER_NONNULL = YES;
				CLANG_CXX_LANGUAGE_STANDARD = "gnu++0x";
				CLANG_CXX_LIBRARY = "libc++";
				CLANG_ENABLE_MODULES = YES;
				CLANG_ENABLE_OBJC_ARC = YES;
				CLANG_WARN_BOOL_CONVERSION = YES;
				CLANG_WARN_CONSTANT_CONVERSION = YES;
				CLANG_WARN_DIRECT_OBJC_ISA_USAGE = YES_ERROR;
				CLANG_WARN_EMPTY_BODY = YES;
				CLANG_WARN_ENUM_CONVERSION = YES;
				CLANG_WARN_INT_CONVERSION = YES;
				CLANG_WARN_OBJC_ROOT_CLASS = YES_ERROR;
				CLANG_WARN_UNREACHABLE_CODE = YES;
				CLANG_WARN__DUPLICATE_METHOD_MATCH = YES;
				"CODE_SIGN_IDENTITY[sdk=iphoneos*]" = "iPhone Developer";
				COPY_PHASE_STRIP = NO;
				DEBUG_INFORMATION_FORMAT = dwarf;
				ENABLE_STRICT_OBJC_MSGSEND = YES;
				ENABLE_TESTABILITY = YES;
				GCC_C_LANGUAGE_STANDARD = gnu99;
				GCC_DYNAMIC_NO_PIC = NO;
				GCC_NO_COMMON_BLOCKS = YES;
				GCC_OPTIMIZATION_LEVEL = 0;
				GCC_PREPROCESSOR_DEFINITIONS = (
					"DEBUG=1",
					"$(inherited)",
				);
				GCC_WARN_64_TO_32_BIT_CONVERSION = YES;
				GCC_WARN_ABOUT_RETURN_TYPE = YES_ERROR;
				GCC_WARN_UNDECLARED_SELECTOR = YES;
				GCC_WARN_UNINITIALIZED_AUTOS = YES_AGGRESSIVE;
				GCC_WARN_UNUSED_FUNCTION = YES;
				GCC_WARN_UNUSED_VARIABLE = YES;
				IPHONEOS_DEPLOYMENT_TARGET = 9.3;
				MTL_ENABLE_DEBUG_INFO = YES;
				ONLY_ACTIVE_ARCH = YES;
				SDKROOT = iphoneos;
				SWIFT_OPTIMIZATION_LEVEL = "-Onone";
			};
			name = Debug;
		};
		49F37B9C1D69ECDF00B044B7 /* Release */ = {
			isa = XCBuildConfiguration;
			buildSettings = {
				ALWAYS_SEARCH_USER_PATHS = NO;
				CLANG_ANALYZER_NONNULL = YES;
				CLANG_CXX_LANGUAGE_STANDARD = "gnu++0x";
				CLANG_CXX_LIBRARY = "libc++";
				CLANG_ENABLE_MODULES = YES;
				CLANG_ENABLE_OBJC_ARC = YES;
				CLANG_WARN_BOOL_CONVERSION = YES;
				CLANG_WARN_CONSTANT_CONVERSION = YES;
				CLANG_WARN_DIRECT_OBJC_ISA_USAGE = YES_ERROR;
				CLANG_WARN_EMPTY_BODY = YES;
				CLANG_WARN_ENUM_CONVERSION = YES;
				CLANG_WARN_INT_CONVERSION = YES;
				CLANG_WARN_OBJC_ROOT_CLASS = YES_ERROR;
				CLANG_WARN_UNREACHABLE_CODE = YES;
				CLANG_WARN__DUPLICATE_METHOD_MATCH = YES;
				"CODE_SIGN_IDENTITY[sdk=iphoneos*]" = "iPhone Developer";
				COPY_PHASE_STRIP = NO;
				DEBUG_INFORMATION_FORMAT = "dwarf-with-dsym";
				ENABLE_NS_ASSERTIONS = NO;
				ENABLE_STRICT_OBJC_MSGSEND = YES;
				GCC_C_LANGUAGE_STANDARD = gnu99;
				GCC_NO_COMMON_BLOCKS = YES;
				GCC_WARN_64_TO_32_BIT_CONVERSION = YES;
				GCC_WARN_ABOUT_RETURN_TYPE = YES_ERROR;
				GCC_WARN_UNDECLARED_SELECTOR = YES;
				GCC_WARN_UNINITIALIZED_AUTOS = YES_AGGRESSIVE;
				GCC_WARN_UNUSED_FUNCTION = YES;
				GCC_WARN_UNUSED_VARIABLE = YES;
				IPHONEOS_DEPLOYMENT_TARGET = 9.3;
				MTL_ENABLE_DEBUG_INFO = NO;
				SDKROOT = iphoneos;
				VALIDATE_PRODUCT = YES;
			};
			name = Release;
		};
		49F37B9E1D69ECDF00B044B7 /* Debug */ = {
			isa = XCBuildConfiguration;
			buildSettings = {
				ASSETCATALOG_COMPILER_APPICON_NAME = AppIcon;
				INFOPLIST_FILE = Moot/Info.plist;
				LD_RUNPATH_SEARCH_PATHS = "$(inherited) @executable_path/Frameworks";
				PRODUCT_BUNDLE_IDENTIFIER = Pedipod.Moot;
				PRODUCT_NAME = "$(TARGET_NAME)";
			};
			name = Debug;
		};
		49F37B9F1D69ECDF00B044B7 /* Release */ = {
			isa = XCBuildConfiguration;
			buildSettings = {
				ASSETCATALOG_COMPILER_APPICON_NAME = AppIcon;
				INFOPLIST_FILE = Moot/Info.plist;
				LD_RUNPATH_SEARCH_PATHS = "$(inherited) @executable_path/Frameworks";
				PRODUCT_BUNDLE_IDENTIFIER = Pedipod.Moot;
				PRODUCT_NAME = "$(TARGET_NAME)";
			};
			name = Release;
		};
/* End XCBuildConfiguration section */

/* Begin XCConfigurationList section */
		49F37B841D69ECDF00B044B7 /* Build configuration list for PBXProject "Moot" */ = {
			isa = XCConfigurationList;
			buildConfigurations = (
				49F37B9B1D69ECDF00B044B7 /* Debug */,
				49F37B9C1D69ECDF00B044B7 /* Release */,
			);
			defaultConfigurationIsVisible = 0;
			defaultConfigurationName = Release;
		};
		49F37B9D1D69ECDF00B044B7 /* Build configuration list for PBXNativeTarget "Moot" */ = {
			isa = XCConfigurationList;
			buildConfigurations = (
				49F37B9E1D69ECDF00B044B7 /* Debug */,
				49F37B9F1D69ECDF00B044B7 /* Release */,
			);
			defaultConfigurationIsVisible = 0;
			defaultConfigurationName = Release;
		};
/* End XCConfigurationList section */

/* Begin XCVersionGroup section */
		49F37BA61D6A12C000B044B7 /* Moot.xcdatamodeld */ = {
			isa = XCVersionGroup;
			children = (
				49F37BA71D6A12C000B044B7 /* Moot.xcdatamodel */,
			);
			currentVersion = 49F37BA71D6A12C000B044B7 /* Moot.xcdatamodel */;
			path = Moot.xcdatamodeld;
			sourceTree = "<group>";
			versionGroupType = wrapper.xcdatamodel;
		};
/* End XCVersionGroup section */
	};
	rootObject = 49F37B811D69ECDF00B044B7 /* Project object */;
}
